
Microsoft Visual Studio Solution File, Format Version 12.00
# Visual Studio 2015
Project("{FAE04EC0-301F-11D3-BF4B-00C04F79EFBC}") = "Arbie.CSharp", "Arbie.CSharp.csproj", "{F22D2A4D-10AF-8854-535D-D352014C913C}"
EndProject
Project("{FAE04EC0-301F-11D3-BF4B-00C04F79EFBC}") = "Arbie.CSharp.Editor", "Arbie.CSharp.Editor.csproj", "{207C2DAF-8C09-1DD4-85C9-0D5C66B35BB1}"
EndProject
Global
	GlobalSection(SolutionConfigurationPlatforms) = preSolution
		Debug|Any CPU = Debug|Any CPU
		Release|Any CPU = Release|Any CPU
	EndGlobalSection
	GlobalSection(ProjectConfigurationPlatforms) = postSolution
		{F22D2A4D-10AF-8854-535D-D352014C913C}.Debug|Any CPU.ActiveCfg = Debug|Any CPU
		{F22D2A4D-10AF-8854-535D-D352014C913C}.Debug|Any CPU.Build.0 = Debug|Any CPU
		{F22D2A4D-10AF-8854-535D-D352014C913C}.Release|Any CPU.ActiveCfg = Release|Any CPU
		{F22D2A4D-10AF-8854-535D-D352014C913C}.Release|Any CPU.Build.0 = Release|Any CPU
		{207C2DAF-8C09-1DD4-85C9-0D5C66B35BB1}.Debug|Any CPU.ActiveCfg = Debug|Any CPU
		{207C2DAF-8C09-1DD4-85C9-0D5C66B35BB1}.Debug|Any CPU.Build.0 = Debug|Any CPU
		{207C2DAF-8C09-1DD4-85C9-0D5C66B35BB1}.Release|Any CPU.ActiveCfg = Release|Any CPU
		{207C2DAF-8C09-1DD4-85C9-0D5C66B35BB1}.Release|Any CPU.Build.0 = Release|Any CPU
	EndGlobalSection
	GlobalSection(SolutionProperties) = preSolution
		HideSolutionNode = FALSE
	EndGlobalSection
EndGlobal
