Microsoft Visual Studio Solution File, Format Version 11.00
# Visual Studio 2008

Project("{C0A850C3-F320-C938-8B88-3F90D692E468}") = "UI Interaction Draft2", "Assembly-CSharp.csproj", "{E085BBDA-0034-E7DC-621A-836CB2E881B3}"
EndProject
Project("{C0A850C3-F320-C938-8B88-3F90D692E468}") = "UI Interaction Draft2", "Assembly-CSharp-Editor.csproj", "{DD8A97F2-D809-885E-4307-E1E37FC79FA0}"
EndProject
Global
	GlobalSection(SolutionConfigurationPlatforms) = preSolution
		Debug|Any CPU = Debug|Any CPU
		Release|Any CPU = Release|Any CPU
	EndGlobalSection
	GlobalSection(ProjectConfigurationPlatforms) = postSolution
		{E085BBDA-0034-E7DC-621A-836CB2E881B3}.Debug|Any CPU.ActiveCfg = Debug|Any CPU
		{E085BBDA-0034-E7DC-621A-836CB2E881B3}.Debug|Any CPU.Build.0 = Debug|Any CPU
		{E085BBDA-0034-E7DC-621A-836CB2E881B3}.Release|Any CPU.ActiveCfg = Release|Any CPU
		{E085BBDA-0034-E7DC-621A-836CB2E881B3}.Release|Any CPU.Build.0 = Release|Any CPU
		{DD8A97F2-D809-885E-4307-E1E37FC79FA0}.Debug|Any CPU.ActiveCfg = Debug|Any CPU
		{DD8A97F2-D809-885E-4307-E1E37FC79FA0}.Debug|Any CPU.Build.0 = Debug|Any CPU
		{DD8A97F2-D809-885E-4307-E1E37FC79FA0}.Release|Any CPU.ActiveCfg = Release|Any CPU
		{DD8A97F2-D809-885E-4307-E1E37FC79FA0}.Release|Any CPU.Build.0 = Release|Any CPU
	EndGlobalSection
	GlobalSection(SolutionProperties) = preSolution
		HideSolutionNode = FALSE
	EndGlobalSection
																								GlobalSection(MonoDevelopProperties) = preSolution
		StartupItem = Assembly-CSharp.csproj
		Policies = $0
		$0.TextStylePolicy = $1
		$1.inheritsSet = null
		$1.scope = text/x-csharp
		$0.CSharpFormattingPolicy = $2
		$2.inheritsSet = Mono
		$2.inheritsScope = text/x-csharp
		$2.scope = text/x-csharp
		$0.TextStylePolicy = $3
		$3.FileWidth = 120
		$3.TabWidth = 4
		$3.IndentWidth = 4
		$3.EolMarker = Unix
		$3.inheritsSet = Mono
		$3.inheritsScope = text/plain
		$3.scope = text/plain
	EndGlobalSection

EndGlobal
